// !$*UTF8*$!
{
	archiveVersion = 1;
	classes = {
	};
	objectVersion = 46;
	objects = {

/* Begin PBXBuildFile section */
		952F19D21BE928EA00797C84 /* AppDelegate.swift in Sources */ = {isa = PBXBuildFile; fileRef = 952F19D11BE928EA00797C84 /* AppDelegate.swift */; };
		952F19D41BE928EA00797C84 /* MasterViewController.swift in Sources */ = {isa = PBXBuildFile; fileRef = 952F19D31BE928EA00797C84 /* MasterViewController.swift */; };
		952F19D61BE928EA00797C84 /* DetailViewController.swift in Sources */ = {isa = PBXBuildFile; fileRef = 952F19D51BE928EA00797C84 /* DetailViewController.swift */; };
		952F19D91BE928EA00797C84 /* Main.storyboard in Resources */ = {isa = PBXBuildFile; fileRef = 952F19D71BE928EA00797C84 /* Main.storyboard */; };
		952F19DB1BE928EA00797C84 /* Assets.xcassets in Resources */ = {isa = PBXBuildFile; fileRef = 952F19DA1BE928EA00797C84 /* Assets.xcassets */; };
		952F19DE1BE928EA00797C84 /* LaunchScreen.storyboard in Resources */ = {isa = PBXBuildFile; fileRef = 952F19DC1BE928EA00797C84 /* LaunchScreen.storyboard */; };
/* End PBXBuildFile section */

/* Begin PBXFileReference section */
		952F19CE1BE928EA00797C84 /* Project1.app */ = {isa = PBXFileReference; explicitFileType = wrapper.application; includeInIndex = 0; path = Project1.app; sourceTree = BUILT_PRODUCTS_DIR; };
		952F19D11BE928EA00797C84 /* AppDelegate.swift */ = {isa = PBXFileReference; lastKnownFileType = sourcecode.swift; path = AppDelegate.swift; sourceTree = "<group>"; };
		952F19D31BE928EA00797C84 /* MasterViewController.swift */ = {isa = PBXFileReference; lastKnownFileType = sourcecode.swift; path = MasterViewController.swift; sourceTree = "<group>"; };
		952F19D51BE928EA00797C84 /* DetailViewController.swift */ = {isa = PBXFileReference; lastKnownFileType = sourcecode.swift; path = DetailViewController.swift; sourceTree = "<group>"; };
		952F19D81BE928EA00797C84 /* Base */ = {isa = PBXFileReference; lastKnownFileType = file.storyboard; name = Base; path = Base.lproj/Main.storyboard; sourceTree = "<group>"; };
		952F19DA1BE928EA00797C84 /* Assets.xcassets */ = {isa = PBXFileReference; lastKnownFileType = folder.assetcatalog; path = Assets.xcassets; sourceTree = "<group>"; };
		952F19DD1BE928EA00797C84 /* Base */ = {isa = PBXFileReference; lastKnownFileType = file.storyboard; name = Base; path = Base.lproj/LaunchScreen.storyboard; sourceTree = "<group>"; };
		952F19DF1BE928EA00797C84 /* Info.plist */ = {isa = PBXFileReference; lastKnownFileType = text.plist.xml; path = Info.plist; sourceTree = "<group>"; };
/* End PBXFileReference section */

/* Begin PBXFrameworksBuildPhase section */
		952F19CB1BE928EA00797C84 /* Frameworks */ = {
			isa = PBXFrameworksBuildPhase;
			buildActionMask = 2147483647;
			files = (
			);
			runOnlyForDeploymentPostprocessing = 0;
		};
/* End PBXFrameworksBuildPhase section */

/* Begin PBXGroup section */
		952F19C51BE928EA00797C84 = {
			isa = PBXGroup;
			children = (
				952F19D01BE928EA00797C84 /* Project1 */,
				952F19CF1BE928EA00797C84 /* Products */,
			);
			sourceTree = "<group>";
		};
		952F19CF1BE928EA00797C84 /* Products */ = {
			isa = PBXGroup;
			children = (
				952F19CE1BE928EA00797C84 /* Project1.app */,
			);
			name = Products;
			sourceTree = "<group>";
		};
		952F19D01BE928EA00797C84 /* Project1 */ = {
			isa = PBXGroup;
			children = (
				952F19D11BE928EA00797C84 /* AppDelegate.swift */,
				952F19D31BE928EA00797C84 /* MasterViewController.swift */,
				952F19D51BE928EA00797C84 /* DetailViewController.swift */,
				952F19D71BE928EA00797C84 /* Main.storyboard */,
				952F19DA1BE928EA00797C84 /* Assets.xcassets */,
				952F19DC1BE928EA00797C84 /* LaunchScreen.storyboard */,
				952F19DF1BE928EA00797C84 /* Info.plist */,
			);
			path = Project1;
			sourceTree = "<group>";
		};
/* End PBXGroup section */

/* Begin PBXNativeTarget section */
		952F19CD1BE928EA00797C84 /* Project1 */ = {
			isa = PBXNativeTarget;
			buildConfigurationList = 952F19E21BE928EA00797C84 /* Build configuration list for PBXNativeTarget "Project1" */;
			buildPhases = (
				952F19CA1BE928EA00797C84 /* Sources */,
				952F19CB1BE928EA00797C84 /* Frameworks */,
				952F19CC1BE928EA00797C84 /* Resources */,
			);
			buildRules = (
			);
			dependencies = (
			);
			name = Project1;
			productName = Project1;
			productReference = 952F19CE1BE928EA00797C84 /* Project1.app */;
			productType = "com.apple.product-type.application";
		};
/* End PBXNativeTarget section */

/* Begin PBXProject section */
		952F19C61BE928EA00797C84 /* Project object */ = {
			isa = PBXProject;
			attributes = {
				LastUpgradeCheck = 0710;
				ORGANIZATIONNAME = Ann;
				TargetAttributes = {
					952F19CD1BE928EA00797C84 = {
						CreatedOnToolsVersion = 7.1;
						DevelopmentTeam = 93TVZRFE82;
					};
				};
			};
			buildConfigurationList = 952F19C91BE928EA00797C84 /* Build configuration list for PBXProject "Project1" */;
			compatibilityVersion = "Xcode 3.2";
			developmentRegion = English;
			hasScannedForEncodings = 0;
			knownRegions = (
				en,
				Base,
			);
			mainGroup = 952F19C51BE928EA00797C84;
			productRefGroup = 952F19CF1BE928EA00797C84 /* Products */;
			projectDirPath = "";
			projectRoot = "";
			targets = (
				952F19CD1BE928EA00797C84 /* Project1 */,
			);
		};
/* End PBXProject section */

/* Begin PBXResourcesBuildPhase section */
		952F19CC1BE928EA00797C84 /* Resources */ = {
			isa = PBXResourcesBuildPhase;
			buildActionMask = 2147483647;
			files = (
				952F19DE1BE928EA00797C84 /* LaunchScreen.storyboard in Resources */,
				952F19DB1BE928EA00797C84 /* Assets.xcassets in Resources */,
				952F19D91BE928EA00797C84 /* Main.storyboard in Resources */,
			);
			runOnlyForDeploymentPostprocessing = 0;
		};
/* End PBXResourcesBuildPhase section */

/* Begin PBXSourcesBuildPhase section */
		952F19CA1BE928EA00797C84 /* Sources */ = {
			isa = PBXSourcesBuildPhase;
			buildActionMask = 2147483647;
			files = (
				952F19D61BE928EA00797C84 /* DetailViewController.swift in Sources */,
				952F19D41BE928EA00797C84 /* MasterViewController.swift in Sources */,
				952F19D21BE928EA00797C84 /* AppDelegate.swift in Sources */,
			);
			runOnlyForDeploymentPostprocessing = 0;
		};
/* End PBXSourcesBuildPhase section */

/* Begin PBXVariantGroup section */
		952F19D71BE928EA00797C84 /* Main.storyboard */ = {
			isa = PBXVariantGroup;
			children = (
				952F19D81BE928EA00797C84 /* Base */,
			);
			name = Main.storyboard;
			sourceTree = "<group>";
		};
		952F19DC1BE928EA00797C84 /* LaunchScreen.storyboard */ = {
			isa = PBXVariantGroup;
			children = (
				952F19DD1BE928EA00797C84 /* Base */,
			);
			name = LaunchScreen.storyboard;
			sourceTree = "<group>";
		};
/* End PBXVariantGroup section */

/* Begin XCBuildConfiguration section */
		952F19E01BE928EA00797C84 /* Debug */ = {
			isa = XCBuildConfiguration;
			buildSettings = {
				ALWAYS_SEARCH_USER_PATHS = NO;
				CLANG_CXX_LANGUAGE_STANDARD = "gnu++0x";
				CLANG_CXX_LIBRARY = "libc++";
				CLANG_ENABLE_MODULES = YES;
				CLANG_ENABLE_OBJC_ARC = YES;
				CLANG_WARN_BOOL_CONVERSION = YES;
				CLANG_WARN_CONSTANT_CONVERSION = YES;
				CLANG_WARN_DIRECT_OBJC_ISA_USAGE = YES_ERROR;
				CLANG_WARN_EMPTY_BODY = YES;
				CLANG_WARN_ENUM_CONVERSION = YES;
				CLANG_WARN_INT_CONVERSION = YES;
				CLANG_WARN_OBJC_ROOT_CLASS = YES_ERROR;
				CLANG_WARN_UNREACHABLE_CODE = YES;
				CLANG_WARN__DUPLICATE_METHOD_MATCH = YES;
				"CODE_SIGN_IDENTITY[sdk=iphoneos*]" = "iPhone Developer";
				COPY_PHASE_STRIP = NO;
				DEBUG_INFORMATION_FORMAT = dwarf;
				ENABLE_STRICT_OBJC_MSGSEND = YES;
				ENABLE_TESTABILITY = YES;
				GCC_C_LANGUAGE_STANDARD = gnu99;
				GCC_DYNAMIC_NO_PIC = NO;
				GCC_NO_COMMON_BLOCKS = YES;
				GCC_OPTIMIZATION_LEVEL = 0;
				GCC_PREPROCESSOR_DEFINITIONS = (
					"DEBUG=1",
					"$(inherited)",
				);
				GCC_WARN_64_TO_32_BIT_CONVERSION = YES;
				GCC_WARN_ABOUT_RETURN_TYPE = YES_ERROR;
				GCC_WARN_UNDECLARED_SELECTOR = YES;
				GCC_WARN_UNINITIALIZED_AUTOS = YES_AGGRESSIVE;
				GCC_WARN_UNUSED_FUNCTION = YES;
				GCC_WARN_UNUSED_VARIABLE = YES;
				IPHONEOS_DEPLOYMENT_TARGET = 9.1;
				MTL_ENABLE_DEBUG_INFO = YES;
				ONLY_ACTIVE_ARCH = YES;
				SDKROOT = iphoneos;
				SWIFT_OPTIMIZATION_LEVEL = "-Onone";
				TARGETED_DEVICE_FAMILY = "1,2";
			};
			name = Debug;
		};
		952F19E11BE928EA00797C84 /* Release */ = {
			isa = XCBuildConfiguration;
			buildSettings = {
				ALWAYS_SEARCH_USER_PATHS = NO;
				CLANG_CXX_LANGUAGE_STANDARD = "gnu++0x";
				CLANG_CXX_LIBRARY = "libc++";
				CLANG_ENABLE_MODULES = YES;
				CLANG_ENABLE_OBJC_ARC = YES;
				CLANG_WARN_BOOL_CONVERSION = YES;
				CLANG_WARN_CONSTANT_CONVERSION = YES;
				CLANG_WARN_DIRECT_OBJC_ISA_USAGE = YES_ERROR;
				CLANG_WARN_EMPTY_BODY = YES;
				CLANG_WARN_ENUM_CONVERSION = YES;
				CLANG_WARN_INT_CONVERSION = YES;
				CLANG_WARN_OBJC_ROOT_CLASS = YES_ERROR;
				CLANG_WARN_UNREACHABLE_CODE = YES;
				CLANG_WARN__DUPLICATE_METHOD_MATCH = YES;
				"CODE_SIGN_IDENTITY[sdk=iphoneos*]" = "iPhone Developer";
				COPY_PHASE_STRIP = NO;
				DEBUG_INFORMATION_FORMAT = "dwarf-with-dsym";
				ENABLE_NS_ASSERTIONS = NO;
				ENABLE_STRICT_OBJC_MSGSEND = YES;
				GCC_C_LANGUAGE_STANDARD = gnu99;
				GCC_NO_COMMON_BLOCKS = YES;
				GCC_WARN_64_TO_32_BIT_CONVERSION = YES;
				GCC_WARN_ABOUT_RETURN_TYPE = YES_ERROR;
				GCC_WARN_UNDECLARED_SELECTOR = YES;
				GCC_WARN_UNINITIALIZED_AUTOS = YES_AGGRESSIVE;
				GCC_WARN_UNUSED_FUNCTION = YES;
				GCC_WARN_UNUSED_VARIABLE = YES;
				IPHONEOS_DEPLOYMENT_TARGET = 9.1;
				MTL_ENABLE_DEBUG_INFO = NO;
				SDKROOT = iphoneos;
				TARGETED_DEVICE_FAMILY = "1,2";
				VALIDATE_PRODUCT = YES;
			};
			name = Release;
		};
		952F19E31BE928EA00797C84 /* Debug */ = {
			isa = XCBuildConfiguration;
			buildSettings = {
				ASSETCATALOG_COMPILER_APPICON_NAME = AppIcon;
				INFOPLIST_FILE = Project1/Info.plist;
				LD_RUNPATH_SEARCH_PATHS = "$(inherited) @executable_path/Frameworks";
				PRODUCT_BUNDLE_IDENTIFIER = "Ann-s.Project1";
				PRODUCT_NAME = "$(TARGET_NAME)";
			};
			name = Debug;
		};
		952F19E41BE928EA00797C84 /* Release */ = {
			isa = XCBuildConfiguration;
			buildSettings = {
				ASSETCATALOG_COMPILER_APPICON_NAME = AppIcon;
				INFOPLIST_FILE = Project1/Info.plist;
				LD_RUNPATH_SEARCH_PATHS = "$(inherited) @executable_path/Frameworks";
				PRODUCT_BUNDLE_IDENTIFIER = "Ann-s.Project1";
				PRODUCT_NAME = "$(TARGET_NAME)";
			};
			name = Release;
		};
/* End XCBuildConfiguration section */

/* Begin XCConfigurationList section */
		952F19C91BE928EA00797C84 /* Build configuration list for PBXProject "Project1" */ = {
			isa = XCConfigurationList;
			buildConfigurations = (
				952F19E01BE928EA00797C84 /* Debug */,
				952F19E11BE928EA00797C84 /* Release */,
			);
			defaultConfigurationIsVisible = 0;
			defaultConfigurationName = Release;
		};
		952F19E21BE928EA00797C84 /* Build configuration list for PBXNativeTarget "Project1" */ = {
			isa = XCConfigurationList;
			buildConfigurations = (
				952F19E31BE928EA00797C84 /* Debug */,
				952F19E41BE928EA00797C84 /* Release */,
			);
			defaultConfigurationIsVisible = 0;
		};
/* End XCConfigurationList section */
	};
	rootObject = 952F19C61BE928EA00797C84 /* Project object */;
}
